// !$*UTF8*$!
{
	archiveVersion = 1;
	classes = {
	};
	objectVersion = 50;
	objects = {

/* Begin PBXBuildFile section */
		DA1E952F8502002C32D1DEBD /* Pods_BaseApp.framework in Frameworks */ = {isa = PBXBuildFile; fileRef = E667D051ED3CCD74CF8FA5E8 /* Pods_BaseApp.framework */; };
		F40232C6214EA0620026851E /* StringUtils.swift in Sources */ = {isa = PBXBuildFile; fileRef = F40232C5214EA0620026851E /* StringUtils.swift */; };
		F433BED6213A42610038FEEE /* AppDelegate.swift in Sources */ = {isa = PBXBuildFile; fileRef = F433BED5213A42610038FEEE /* AppDelegate.swift */; };
		F433BED8213A42610038FEEE /* ViewController.swift in Sources */ = {isa = PBXBuildFile; fileRef = F433BED7213A42610038FEEE /* ViewController.swift */; };
		F433BEDB213A42610038FEEE /* Main.storyboard in Resources */ = {isa = PBXBuildFile; fileRef = F433BED9213A42610038FEEE /* Main.storyboard */; };
		F433BEDD213A42700038FEEE /* Assets.xcassets in Resources */ = {isa = PBXBuildFile; fileRef = F433BEDC213A42700038FEEE /* Assets.xcassets */; };
		F433BEE0213A42700038FEEE /* LaunchScreen.storyboard in Resources */ = {isa = PBXBuildFile; fileRef = F433BEDE213A42700038FEEE /* LaunchScreen.storyboard */; };
		F433BEEB213A46C00038FEEE /* FirstScreenViewController.swift in Sources */ = {isa = PBXBuildFile; fileRef = F433BEEA213A46C00038FEEE /* FirstScreenViewController.swift */; };
		F433BEED213A46D20038FEEE /* FirstScreen.storyboard in Resources */ = {isa = PBXBuildFile; fileRef = F433BEEC213A46D20038FEEE /* FirstScreen.storyboard */; };
		F459A0872143763D00839A08 /* FirstScreenViewModel.swift in Sources */ = {isa = PBXBuildFile; fileRef = F459A0862143763D00839A08 /* FirstScreenViewModel.swift */; };
		F478EE132143E1340037A0F0 /* FormValidationViewController.swift in Sources */ = {isa = PBXBuildFile; fileRef = F478EE122143E1340037A0F0 /* FormValidationViewController.swift */; };
		F478EE152143E1450037A0F0 /* FormValidation.storyboard in Resources */ = {isa = PBXBuildFile; fileRef = F478EE142143E1450037A0F0 /* FormValidation.storyboard */; };
		F478EE172143E1AB0037A0F0 /* FormValidationViewModel.swift in Sources */ = {isa = PBXBuildFile; fileRef = F478EE162143E1AB0037A0F0 /* FormValidationViewModel.swift */; };
/* End PBXBuildFile section */

/* Begin PBXFileReference section */
		4D5B64D3E518F9116817EBB6 /* Pods-BaseApp.release.xcconfig */ = {isa = PBXFileReference; includeInIndex = 1; lastKnownFileType = text.xcconfig; name = "Pods-BaseApp.release.xcconfig"; path = "Pods/Target Support Files/Pods-BaseApp/Pods-BaseApp.release.xcconfig"; sourceTree = "<group>"; };
		882335E03A10B29837A19CD1 /* Pods-BaseApp.debug.xcconfig */ = {isa = PBXFileReference; includeInIndex = 1; lastKnownFileType = text.xcconfig; name = "Pods-BaseApp.debug.xcconfig"; path = "Pods/Target Support Files/Pods-BaseApp/Pods-BaseApp.debug.xcconfig"; sourceTree = "<group>"; };
		E667D051ED3CCD74CF8FA5E8 /* Pods_BaseApp.framework */ = {isa = PBXFileReference; explicitFileType = wrapper.framework; includeInIndex = 0; path = Pods_BaseApp.framework; sourceTree = BUILT_PRODUCTS_DIR; };
		F40232C5214EA0620026851E /* StringUtils.swift */ = {isa = PBXFileReference; lastKnownFileType = sourcecode.swift; path = StringUtils.swift; sourceTree = "<group>"; };
		F433BED2213A42610038FEEE /* BaseApp.app */ = {isa = PBXFileReference; explicitFileType = wrapper.application; includeInIndex = 0; path = BaseApp.app; sourceTree = BUILT_PRODUCTS_DIR; };
		F433BED5213A42610038FEEE /* AppDelegate.swift */ = {isa = PBXFileReference; lastKnownFileType = sourcecode.swift; path = AppDelegate.swift; sourceTree = "<group>"; };
		F433BED7213A42610038FEEE /* ViewController.swift */ = {isa = PBXFileReference; lastKnownFileType = sourcecode.swift; path = ViewController.swift; sourceTree = "<group>"; };
		F433BEDA213A42610038FEEE /* Base */ = {isa = PBXFileReference; lastKnownFileType = file.storyboard; name = Base; path = Base.lproj/Main.storyboard; sourceTree = "<group>"; };
		F433BEDC213A42700038FEEE /* Assets.xcassets */ = {isa = PBXFileReference; lastKnownFileType = folder.assetcatalog; path = Assets.xcassets; sourceTree = "<group>"; };
		F433BEDF213A42700038FEEE /* Base */ = {isa = PBXFileReference; lastKnownFileType = file.storyboard; name = Base; path = Base.lproj/LaunchScreen.storyboard; sourceTree = "<group>"; };
		F433BEE1213A42700038FEEE /* Info.plist */ = {isa = PBXFileReference; lastKnownFileType = text.plist.xml; path = Info.plist; sourceTree = "<group>"; };
		F433BEEA213A46C00038FEEE /* FirstScreenViewController.swift */ = {isa = PBXFileReference; lastKnownFileType = sourcecode.swift; path = FirstScreenViewController.swift; sourceTree = "<group>"; };
		F433BEEC213A46D20038FEEE /* FirstScreen.storyboard */ = {isa = PBXFileReference; lastKnownFileType = file.storyboard; path = FirstScreen.storyboard; sourceTree = "<group>"; };
		F459A0862143763D00839A08 /* FirstScreenViewModel.swift */ = {isa = PBXFileReference; lastKnownFileType = sourcecode.swift; path = FirstScreenViewModel.swift; sourceTree = "<group>"; };
		F478EE122143E1340037A0F0 /* FormValidationViewController.swift */ = {isa = PBXFileReference; lastKnownFileType = sourcecode.swift; path = FormValidationViewController.swift; sourceTree = "<group>"; };
		F478EE142143E1450037A0F0 /* FormValidation.storyboard */ = {isa = PBXFileReference; lastKnownFileType = file.storyboard; path = FormValidation.storyboard; sourceTree = "<group>"; };
		F478EE162143E1AB0037A0F0 /* FormValidationViewModel.swift */ = {isa = PBXFileReference; lastKnownFileType = sourcecode.swift; path = FormValidationViewModel.swift; sourceTree = "<group>"; };
/* End PBXFileReference section */

/* Begin PBXFrameworksBuildPhase section */
		F433BECF213A42610038FEEE /* Frameworks */ = {
			isa = PBXFrameworksBuildPhase;
			buildActionMask = 2147483647;
			files = (
				DA1E952F8502002C32D1DEBD /* Pods_BaseApp.framework in Frameworks */,
			);
			runOnlyForDeploymentPostprocessing = 0;
		};
/* End PBXFrameworksBuildPhase section */

/* Begin PBXGroup section */
		522BB798D9CA8F89E9B80B5D /* Pods */ = {
			isa = PBXGroup;
			children = (
				882335E03A10B29837A19CD1 /* Pods-BaseApp.debug.xcconfig */,
				4D5B64D3E518F9116817EBB6 /* Pods-BaseApp.release.xcconfig */,
			);
			name = Pods;
			sourceTree = "<group>";
		};
		AC2FDBB3C45CA7E5FE44EF56 /* Frameworks */ = {
			isa = PBXGroup;
			children = (
				E667D051ED3CCD74CF8FA5E8 /* Pods_BaseApp.framework */,
			);
			name = Frameworks;
			sourceTree = "<group>";
		};
		F40232C4214EA0350026851E /* Utils */ = {
			isa = PBXGroup;
			children = (
				F40232C5214EA0620026851E /* StringUtils.swift */,
			);
			path = Utils;
			sourceTree = "<group>";
		};
		F433BEC9213A42610038FEEE = {
			isa = PBXGroup;
			children = (
				F40232C4214EA0350026851E /* Utils */,
				F433BED4213A42610038FEEE /* BaseApp */,
				F433BED3213A42610038FEEE /* Products */,
				522BB798D9CA8F89E9B80B5D /* Pods */,
				AC2FDBB3C45CA7E5FE44EF56 /* Frameworks */,
			);
			sourceTree = "<group>";
		};
		F433BED3213A42610038FEEE /* Products */ = {
			isa = PBXGroup;
			children = (
				F433BED2213A42610038FEEE /* BaseApp.app */,
			);
			name = Products;
			sourceTree = "<group>";
		};
		F433BED4213A42610038FEEE /* BaseApp */ = {
			isa = PBXGroup;
			children = (
				F433BEE9213A46520038FEEE /* Model */,
				F433BEE8213A464A0038FEEE /* ViewModel */,
				F433BEE7213A463F0038FEEE /* View */,
				F433BED5213A42610038FEEE /* AppDelegate.swift */,
				F433BED7213A42610038FEEE /* ViewController.swift */,
				F433BED9213A42610038FEEE /* Main.storyboard */,
				F433BEDC213A42700038FEEE /* Assets.xcassets */,
				F433BEDE213A42700038FEEE /* LaunchScreen.storyboard */,
				F433BEE1213A42700038FEEE /* Info.plist */,
			);
			path = BaseApp;
			sourceTree = "<group>";
		};
		F433BEE7213A463F0038FEEE /* View */ = {
			isa = PBXGroup;
			children = (
				F433BEEA213A46C00038FEEE /* FirstScreenViewController.swift */,
				F433BEEC213A46D20038FEEE /* FirstScreen.storyboard */,
				F478EE122143E1340037A0F0 /* FormValidationViewController.swift */,
				F478EE142143E1450037A0F0 /* FormValidation.storyboard */,
			);
			path = View;
			sourceTree = "<group>";
		};
		F433BEE8213A464A0038FEEE /* ViewModel */ = {
			isa = PBXGroup;
			children = (
				F459A0862143763D00839A08 /* FirstScreenViewModel.swift */,
				F478EE162143E1AB0037A0F0 /* FormValidationViewModel.swift */,
			);
			path = ViewModel;
			sourceTree = "<group>";
		};
		F433BEE9213A46520038FEEE /* Model */ = {
			isa = PBXGroup;
			children = (
			);
			path = Model;
			sourceTree = "<group>";
		};
/* End PBXGroup section */

/* Begin PBXNativeTarget section */
		F433BED1213A42610038FEEE /* BaseApp */ = {
			isa = PBXNativeTarget;
			buildConfigurationList = F433BEE4213A42700038FEEE /* Build configuration list for PBXNativeTarget "BaseApp" */;
			buildPhases = (
				656AC4F37C2779E615BDEE9D /* [CP] Check Pods Manifest.lock */,
				F433BECE213A42610038FEEE /* Sources */,
				F433BECF213A42610038FEEE /* Frameworks */,
				F433BED0213A42610038FEEE /* Resources */,
				5AF366D2583235DF49E26989 /* [CP] Embed Pods Frameworks */,
			);
			buildRules = (
			);
			dependencies = (
			);
			name = BaseApp;
			productName = BaseApp;
			productReference = F433BED2213A42610038FEEE /* BaseApp.app */;
			productType = "com.apple.product-type.application";
		};
/* End PBXNativeTarget section */

/* Begin PBXProject section */
		F433BECA213A42610038FEEE /* Project object */ = {
			isa = PBXProject;
			attributes = {
				LastSwiftUpdateCheck = 0940;
				LastUpgradeCheck = 0940;
				ORGANIZATIONNAME = "tri nguyen";
				TargetAttributes = {
					F433BED1213A42610038FEEE = {
						CreatedOnToolsVersion = 9.4.1;
					};
				};
			};
			buildConfigurationList = F433BECD213A42610038FEEE /* Build configuration list for PBXProject "BaseApp" */;
			compatibilityVersion = "Xcode 9.3";
			developmentRegion = en;
			hasScannedForEncodings = 0;
			knownRegions = (
				en,
				Base,
			);
			mainGroup = F433BEC9213A42610038FEEE;
			productRefGroup = F433BED3213A42610038FEEE /* Products */;
			projectDirPath = "";
			projectRoot = "";
			targets = (
				F433BED1213A42610038FEEE /* BaseApp */,
			);
		};
/* End PBXProject section */

/* Begin PBXResourcesBuildPhase section */
		F433BED0213A42610038FEEE /* Resources */ = {
			isa = PBXResourcesBuildPhase;
			buildActionMask = 2147483647;
			files = (
				F433BEE0213A42700038FEEE /* LaunchScreen.storyboard in Resources */,
				F433BEED213A46D20038FEEE /* FirstScreen.storyboard in Resources */,
				F433BEDD213A42700038FEEE /* Assets.xcassets in Resources */,
				F478EE152143E1450037A0F0 /* FormValidation.storyboard in Resources */,
				F433BEDB213A42610038FEEE /* Main.storyboard in Resources */,
			);
			runOnlyForDeploymentPostprocessing = 0;
		};
/* End PBXResourcesBuildPhase section */

/* Begin PBXShellScriptBuildPhase section */
		5AF366D2583235DF49E26989 /* [CP] Embed Pods Frameworks */ = {
			isa = PBXShellScriptBuildPhase;
			buildActionMask = 2147483647;
			files = (
			);
			inputPaths = (
				"${SRCROOT}/Pods/Target Support Files/Pods-BaseApp/Pods-BaseApp-frameworks.sh",
				"${BUILT_PRODUCTS_DIR}/Alamofire/Alamofire.framework",
				"${BUILT_PRODUCTS_DIR}/RxCocoa/RxCocoa.framework",
				"${BUILT_PRODUCTS_DIR}/RxSwift/RxSwift.framework",
				"${BUILT_PRODUCTS_DIR}/SkyFloatingLabelTextField/SkyFloatingLabelTextField.framework",
			);
			name = "[CP] Embed Pods Frameworks";
			outputPaths = (
				"${TARGET_BUILD_DIR}/${FRAMEWORKS_FOLDER_PATH}/Alamofire.framework",
				"${TARGET_BUILD_DIR}/${FRAMEWORKS_FOLDER_PATH}/RxCocoa.framework",
				"${TARGET_BUILD_DIR}/${FRAMEWORKS_FOLDER_PATH}/RxSwift.framework",
				"${TARGET_BUILD_DIR}/${FRAMEWORKS_FOLDER_PATH}/SkyFloatingLabelTextField.framework",
			);
			runOnlyForDeploymentPostprocessing = 0;
			shellPath = /bin/sh;
			shellScript = "\"${SRCROOT}/Pods/Target Support Files/Pods-BaseApp/Pods-BaseApp-frameworks.sh\"\n";
			showEnvVarsInLog = 0;
		};
		656AC4F37C2779E615BDEE9D /* [CP] Check Pods Manifest.lock */ = {
			isa = PBXShellScriptBuildPhase;
			buildActionMask = 2147483647;
			files = (
			);
			inputPaths = (
				"${PODS_PODFILE_DIR_PATH}/Podfile.lock",
				"${PODS_ROOT}/Manifest.lock",
			);
			name = "[CP] Check Pods Manifest.lock";
			outputPaths = (
				"$(DERIVED_FILE_DIR)/Pods-BaseApp-checkManifestLockResult.txt",
			);
			runOnlyForDeploymentPostprocessing = 0;
			shellPath = /bin/sh;
			shellScript = "diff \"${PODS_PODFILE_DIR_PATH}/Podfile.lock\" \"${PODS_ROOT}/Manifest.lock\" > /dev/null\nif [ $? != 0 ] ; then\n    # print error to STDERR\n    echo \"error: The sandbox is not in sync with the Podfile.lock. Run 'pod install' or update your CocoaPods installation.\" >&2\n    exit 1\nfi\n# This output is used by Xcode 'outputs' to avoid re-running this script phase.\necho \"SUCCESS\" > \"${SCRIPT_OUTPUT_FILE_0}\"\n";
			showEnvVarsInLog = 0;
		};
/* End PBXShellScriptBuildPhase section */

/* Begin PBXSourcesBuildPhase section */
		F433BECE213A42610038FEEE /* Sources */ = {
			isa = PBXSourcesBuildPhase;
			buildActionMask = 2147483647;
			files = (
				F433BED8213A42610038FEEE /* ViewController.swift in Sources */,
				F478EE172143E1AB0037A0F0 /* FormValidationViewModel.swift in Sources */,
				F459A0872143763D00839A08 /* FirstScreenViewModel.swift in Sources */,
				F478EE132143E1340037A0F0 /* FormValidationViewController.swift in Sources */,
				F433BEEB213A46C00038FEEE /* FirstScreenViewController.swift in Sources */,
				F433BED6213A42610038FEEE /* AppDelegate.swift in Sources */,
				F40232C6214EA0620026851E /* StringUtils.swift in Sources */,
			);
			runOnlyForDeploymentPostprocessing = 0;
		};
/* End PBXSourcesBuildPhase section */

/* Begin PBXVariantGroup section */
		F433BED9213A42610038FEEE /* Main.storyboard */ = {
			isa = PBXVariantGroup;
			children = (
				F433BEDA213A42610038FEEE /* Base */,
			);
			name = Main.storyboard;
			sourceTree = "<group>";
		};
		F433BEDE213A42700038FEEE /* LaunchScreen.storyboard */ = {
			isa = PBXVariantGroup;
			children = (
				F433BEDF213A42700038FEEE /* Base */,
			);
			name = LaunchScreen.storyboard;
			sourceTree = "<group>";
		};
/* End PBXVariantGroup section */

/* Begin XCBuildConfiguration section */
		F433BEE2213A42700038FEEE /* Debug */ = {
			isa = XCBuildConfiguration;
			buildSettings = {
				ALWAYS_SEARCH_USER_PATHS = NO;
				CLANG_ANALYZER_NONNULL = YES;
				CLANG_ANALYZER_NUMBER_OBJECT_CONVERSION = YES_AGGRESSIVE;
				CLANG_CXX_LANGUAGE_STANDARD = "gnu++14";
				CLANG_CXX_LIBRARY = "libc++";
				CLANG_ENABLE_MODULES = YES;
				CLANG_ENABLE_OBJC_ARC = YES;
				CLANG_ENABLE_OBJC_WEAK = YES;
				CLANG_WARN_BLOCK_CAPTURE_AUTORELEASING = YES;
				CLANG_WARN_BOOL_CONVERSION = YES;
				CLANG_WARN_COMMA = YES;
				CLANG_WARN_CONSTANT_CONVERSION = YES;
				CLANG_WARN_DEPRECATED_OBJC_IMPLEMENTATIONS = YES;
				CLANG_WARN_DIRECT_OBJC_ISA_USAGE = YES_ERROR;
				CLANG_WARN_DOCUMENTATION_COMMENTS = YES;
				CLANG_WARN_EMPTY_BODY = YES;
				CLANG_WARN_ENUM_CONVERSION = YES;
				CLANG_WARN_INFINITE_RECURSION = YES;
				CLANG_WARN_INT_CONVERSION = YES;
				CLANG_WARN_NON_LITERAL_NULL_CONVERSION = YES;
				CLANG_WARN_OBJC_IMPLICIT_RETAIN_SELF = YES;
				CLANG_WARN_OBJC_LITERAL_CONVERSION = YES;
				CLANG_WARN_OBJC_ROOT_CLASS = YES_ERROR;
				CLANG_WARN_RANGE_LOOP_ANALYSIS = YES;
				CLANG_WARN_STRICT_PROTOTYPES = YES;
				CLANG_WARN_SUSPICIOUS_MOVE = YES;
				CLANG_WARN_UNGUARDED_AVAILABILITY = YES_AGGRESSIVE;
				CLANG_WARN_UNREACHABLE_CODE = YES;
				CLANG_WARN__DUPLICATE_METHOD_MATCH = YES;
				CODE_SIGN_IDENTITY = "iPhone Developer";
				COPY_PHASE_STRIP = NO;
				DEBUG_INFORMATION_FORMAT = dwarf;
				ENABLE_STRICT_OBJC_MSGSEND = YES;
				ENABLE_TESTABILITY = YES;
				GCC_C_LANGUAGE_STANDARD = gnu11;
				GCC_DYNAMIC_NO_PIC = NO;
				GCC_NO_COMMON_BLOCKS = YES;
				GCC_OPTIMIZATION_LEVEL = 0;
				GCC_PREPROCESSOR_DEFINITIONS = (
					"DEBUG=1",
					"$(inherited)",
				);
				GCC_WARN_64_TO_32_BIT_CONVERSION = YES;
				GCC_WARN_ABOUT_RETURN_TYPE = YES_ERROR;
				GCC_WARN_UNDECLARED_SELECTOR = YES;
				GCC_WARN_UNINITIALIZED_AUTOS = YES_AGGRESSIVE;
				GCC_WARN_UNUSED_FUNCTION = YES;
				GCC_WARN_UNUSED_VARIABLE = YES;
				IPHONEOS_DEPLOYMENT_TARGET = 11.4;
				MTL_ENABLE_DEBUG_INFO = YES;
				ONLY_ACTIVE_ARCH = YES;
				SDKROOT = iphoneos;
				SWIFT_ACTIVE_COMPILATION_CONDITIONS = DEBUG;
				SWIFT_OPTIMIZATION_LEVEL = "-Onone";
			};
			name = Debug;
		};
		F433BEE3213A42700038FEEE /* Release */ = {
			isa = XCBuildConfiguration;
			buildSettings = {
				ALWAYS_SEARCH_USER_PATHS = NO;
				CLANG_ANALYZER_NONNULL = YES;
				CLANG_ANALYZER_NUMBER_OBJECT_CONVERSION = YES_AGGRESSIVE;
				CLANG_CXX_LANGUAGE_STANDARD = "gnu++14";
				CLANG_CXX_LIBRARY = "libc++";
				CLANG_ENABLE_MODULES = YES;
				CLANG_ENABLE_OBJC_ARC = YES;
				CLANG_ENABLE_OBJC_WEAK = YES;
				CLANG_WARN_BLOCK_CAPTURE_AUTORELEASING = YES;
				CLANG_WARN_BOOL_CONVERSION = YES;
				CLANG_WARN_COMMA = YES;
				CLANG_WARN_CONSTANT_CONVERSION = YES;
				CLANG_WARN_DEPRECATED_OBJC_IMPLEMENTATIONS = YES;
				CLANG_WARN_DIRECT_OBJC_ISA_USAGE = YES_ERROR;
				CLANG_WARN_DOCUMENTATION_COMMENTS = YES;
				CLANG_WARN_EMPTY_BODY = YES;
				CLANG_WARN_ENUM_CONVERSION = YES;
				CLANG_WARN_INFINITE_RECURSION = YES;
				CLANG_WARN_INT_CONVERSION = YES;
				CLANG_WARN_NON_LITERAL_NULL_CONVERSION = YES;
				CLANG_WARN_OBJC_IMPLICIT_RETAIN_SELF = YES;
				CLANG_WARN_OBJC_LITERAL_CONVERSION = YES;
				CLANG_WARN_OBJC_ROOT_CLASS = YES_ERROR;
				CLANG_WARN_RANGE_LOOP_ANALYSIS = YES;
				CLANG_WARN_STRICT_PROTOTYPES = YES;
				CLANG_WARN_SUSPICIOUS_MOVE = YES;
				CLANG_WARN_UNGUARDED_AVAILABILITY = YES_AGGRESSIVE;
				CLANG_WARN_UNREACHABLE_CODE = YES;
				CLANG_WARN__DUPLICATE_METHOD_MATCH = YES;
				CODE_SIGN_IDENTITY = "iPhone Developer";
				COPY_PHASE_STRIP = NO;
				DEBUG_INFORMATION_FORMAT = "dwarf-with-dsym";
				ENABLE_NS_ASSERTIONS = NO;
				ENABLE_STRICT_OBJC_MSGSEND = YES;
				GCC_C_LANGUAGE_STANDARD = gnu11;
				GCC_NO_COMMON_BLOCKS = YES;
				GCC_WARN_64_TO_32_BIT_CONVERSION = YES;
				GCC_WARN_ABOUT_RETURN_TYPE = YES_ERROR;
				GCC_WARN_UNDECLARED_SELECTOR = YES;
				GCC_WARN_UNINITIALIZED_AUTOS = YES_AGGRESSIVE;
				GCC_WARN_UNUSED_FUNCTION = YES;
				GCC_WARN_UNUSED_VARIABLE = YES;
				IPHONEOS_DEPLOYMENT_TARGET = 11.4;
				MTL_ENABLE_DEBUG_INFO = NO;
				SDKROOT = iphoneos;
				SWIFT_COMPILATION_MODE = wholemodule;
				SWIFT_OPTIMIZATION_LEVEL = "-O";
				VALIDATE_PRODUCT = YES;
			};
			name = Release;
		};
		F433BEE5213A42700038FEEE /* Debug */ = {
			isa = XCBuildConfiguration;
			baseConfigurationReference = 882335E03A10B29837A19CD1 /* Pods-BaseApp.debug.xcconfig */;
			buildSettings = {
				ASSETCATALOG_COMPILER_APPICON_NAME = AppIcon;
				CODE_SIGN_IDENTITY = "iPhone Developer";
				CODE_SIGN_STYLE = Automatic;
				DEVELOPMENT_TEAM = "";
				INFOPLIST_FILE = BaseApp/Info.plist;
				LD_RUNPATH_SEARCH_PATHS = (
					"$(inherited)",
					"@executable_path/Frameworks",
				);
				PRODUCT_BUNDLE_IDENTIFIER = c9.BaseApp;
				PRODUCT_NAME = "$(TARGET_NAME)";
				PROVISIONING_PROFILE_SPECIFIER = "";
				SWIFT_VERSION = 4.0;
				TARGETED_DEVICE_FAMILY = "1,2";
			};
			name = Debug;
		};
		F433BEE6213A42700038FEEE /* Release */ = {
			isa = XCBuildConfiguration;
			baseConfigurationReference = 4D5B64D3E518F9116817EBB6 /* Pods-BaseApp.release.xcconfig */;
			buildSettings = {
				ASSETCATALOG_COMPILER_APPICON_NAME = AppIcon;
				CODE_SIGN_IDENTITY = "iPhone Developer";
				CODE_SIGN_STYLE = Automatic;
				DEVELOPMENT_TEAM = "";
				INFOPLIST_FILE = BaseApp/Info.plist;
				LD_RUNPATH_SEARCH_PATHS = (
					"$(inherited)",
					"@executable_path/Frameworks",
				);
				PRODUCT_BUNDLE_IDENTIFIER = c9.BaseApp;
				PRODUCT_NAME = "$(TARGET_NAME)";
				PROVISIONING_PROFILE_SPECIFIER = "";
				SWIFT_VERSION = 4.0;
				TARGETED_DEVICE_FAMILY = "1,2";
			};
			name = Release;
		};
/* End XCBuildConfiguration section */

/* Begin XCConfigurationList section */
		F433BECD213A42610038FEEE /* Build configuration list for PBXProject "BaseApp" */ = {
			isa = XCConfigurationList;
			buildConfigurations = (
				F433BEE2213A42700038FEEE /* Debug */,
				F433BEE3213A42700038FEEE /* Release */,
			);
			defaultConfigurationIsVisible = 0;
			defaultConfigurationName = Release;
		};
		F433BEE4213A42700038FEEE /* Build configuration list for PBXNativeTarget "BaseApp" */ = {
			isa = XCConfigurationList;
			buildConfigurations = (
				F433BEE5213A42700038FEEE /* Debug */,
				F433BEE6213A42700038FEEE /* Release */,
			);
			defaultConfigurationIsVisible = 0;
			defaultConfigurationName = Release;
		};
/* End XCConfigurationList section */
	};
	rootObject = F433BECA213A42610038FEEE /* Project object */;
}
